
Microsoft Visual Studio Solution File, Format Version 12.00
# Visual Studio Version 17
VisualStudioVersion = 17.14.36408.4 d17.14
MinimumVisualStudioVersion = 10.0.40219.1
Project("{FAE04EC0-301F-11D3-BF4B-00C04F79EFBC}") = "Primera", "Primera.csproj", "{BE9ADEAC-EE85-4275-9229-B236D9782790}"
EndProject
Global
	GlobalSection(SolutionConfigurationPlatforms) = preSolution
		Debug|Any CPU = Debug|Any CPU
		Release|Any CPU = Release|Any CPU
	EndGlobalSection
	GlobalSection(ProjectConfigurationPlatforms) = postSolution
		{BE9ADEAC-EE85-4275-9229-B236D9782790}.Debug|Any CPU.ActiveCfg = Debug|Any CPU
		{BE9ADEAC-EE85-4275-9229-B236D9782790}.Debug|Any CPU.Build.0 = Debug|Any CPU
		{BE9ADEAC-EE85-4275-9229-B236D9782790}.Release|Any CPU.ActiveCfg = Release|Any CPU
		{BE9ADEAC-EE85-4275-9229-B236D9782790}.Release|Any CPU.Build.0 = Release|Any CPU
	EndGlobalSection
	GlobalSection(SolutionProperties) = preSolution
		HideSolutionNode = FALSE
	EndGlobalSection
	GlobalSection(ExtensibilityGlobals) = postSolution
		SolutionGuid = {73FC74EC-ADC0-493F-B43E-746AA9CB3574}
	EndGlobalSection
EndGlobal
